
Microsoft Visual Studio Solution File, Format Version 12.00
# Visual Studio Version 17
VisualStudioVersion = 17.9.34622.214
MinimumVisualStudioVersion = 10.0.40219.1
Project("{FAE04EC0-301F-11D3-BF4B-00C04F79EFBC}") = "Booksmanagemenrtapp", "BooksManagementApp\Booksmanagemenrtapp.csproj", "{2AC4069E-4BD6-45D9-889C-9E7596A71F78}"
EndProject
Global
	GlobalSection(SolutionConfigurationPlatforms) = preSolution
		Debug|Any CPU = Debug|Any CPU
		Release|Any CPU = Release|Any CPU
	EndGlobalSection
	GlobalSection(ProjectConfigurationPlatforms) = postSolution
		{2AC4069E-4BD6-45D9-889C-9E7596A71F78}.Debug|Any CPU.ActiveCfg = Debug|Any CPU
		{2AC4069E-4BD6-45D9-889C-9E7596A71F78}.Debug|Any CPU.Build.0 = Debug|Any CPU
		{2AC4069E-4BD6-45D9-889C-9E7596A71F78}.Release|Any CPU.ActiveCfg = Release|Any CPU
		{2AC4069E-4BD6-45D9-889C-9E7596A71F78}.Release|Any CPU.Build.0 = Release|Any CPU
	EndGlobalSection
	GlobalSection(SolutionProperties) = preSolution
		HideSolutionNode = FALSE
	EndGlobalSection
	GlobalSection(ExtensibilityGlobals) = postSolution
		SolutionGuid = {95505DDC-1142-4954-8FF3-E88EA276BCC9}
	EndGlobalSection
EndGlobal
